
Microsoft Visual Studio Solution File, Format Version 12.00
# Visual Studio Version 17
VisualStudioVersion = 17.13.35828.75 d17.13
MinimumVisualStudioVersion = 10.0.40219.1
Project("{54A90642-561A-4BB1-A94E-469ADEE60C69}") = "invenephi.client", "invenephi.client\invenephi.client.esproj", "{C10AA14A-1F44-F60D-DE5F-6E562415CB97}"
EndProject
Project("{FAE04EC0-301F-11D3-BF4B-00C04F79EFBC}") = "InvenePHI.Server", "InvenePHI.Server\InvenePHI.Server.csproj", "{47317571-C33A-45EE-BF35-B8A66E256719}"
EndProject
Global
	GlobalSection(SolutionConfigurationPlatforms) = preSolution
		Debug|Any CPU = Debug|Any CPU
		Release|Any CPU = Release|Any CPU
	EndGlobalSection
	GlobalSection(ProjectConfigurationPlatforms) = postSolution
		{C10AA14A-1F44-F60D-DE5F-6E562415CB97}.Debug|Any CPU.ActiveCfg = Debug|Any CPU
		{C10AA14A-1F44-F60D-DE5F-6E562415CB97}.Debug|Any CPU.Build.0 = Debug|Any CPU
		{C10AA14A-1F44-F60D-DE5F-6E562415CB97}.Debug|Any CPU.Deploy.0 = Debug|Any CPU
		{C10AA14A-1F44-F60D-DE5F-6E562415CB97}.Release|Any CPU.ActiveCfg = Release|Any CPU
		{C10AA14A-1F44-F60D-DE5F-6E562415CB97}.Release|Any CPU.Build.0 = Release|Any CPU
		{C10AA14A-1F44-F60D-DE5F-6E562415CB97}.Release|Any CPU.Deploy.0 = Release|Any CPU
		{47317571-C33A-45EE-BF35-B8A66E256719}.Debug|Any CPU.ActiveCfg = Debug|Any CPU
		{47317571-C33A-45EE-BF35-B8A66E256719}.Debug|Any CPU.Build.0 = Debug|Any CPU
		{47317571-C33A-45EE-BF35-B8A66E256719}.Release|Any CPU.ActiveCfg = Release|Any CPU
		{47317571-C33A-45EE-BF35-B8A66E256719}.Release|Any CPU.Build.0 = Release|Any CPU
	EndGlobalSection
	GlobalSection(SolutionProperties) = preSolution
		HideSolutionNode = FALSE
	EndGlobalSection
	GlobalSection(ExtensibilityGlobals) = postSolution
		SolutionGuid = {C574D37B-A5C8-4CD7-AECE-A6647DC7938E}
	EndGlobalSection
EndGlobal
